
Microsoft Visual Studio Solution File, Format Version 12.00
# Visual Studio Version 16
VisualStudioVersion = 25.0.1706.0
MinimumVisualStudioVersion = 10.0.40219.1
Project("{FAE04EC0-301F-11D3-BF4B-00C04F79EFBC}") = "inputOtputInConsole", "inputOtputInConsole.csproj", "{8B76A0FC-8001-420E-8F37-076B46C52D79}"
EndProject
Project("{FAE04EC0-301F-11D3-BF4B-00C04F79EFBC}") = "baseTypes", "..\baseTypes\baseTypes.csproj", "{D096AE51-F461-4E15-992E-05C71B6DF42F}"
EndProject
Project("{FAE04EC0-301F-11D3-BF4B-00C04F79EFBC}") = "usloviya", "..\operatoriANDvirajeniya\usloviya.csproj", "{B6A4CDBD-2468-4743-971B-1952630C2C4B}"
EndProject
Project("{FAE04EC0-301F-11D3-BF4B-00C04F79EFBC}") = "SwitchCase", "..\SwitchCase\SwitchCase.csproj", "{F5817685-4833-4CF2-8579-AA4B03428D28}"
EndProject
Global
	GlobalSection(SolutionConfigurationPlatforms) = preSolution
		Debug|Any CPU = Debug|Any CPU
		Release|Any CPU = Release|Any CPU
	EndGlobalSection
	GlobalSection(ProjectConfigurationPlatforms) = postSolution
		{8B76A0FC-8001-420E-8F37-076B46C52D79}.Debug|Any CPU.ActiveCfg = Debug|Any CPU
		{8B76A0FC-8001-420E-8F37-076B46C52D79}.Debug|Any CPU.Build.0 = Debug|Any CPU
		{8B76A0FC-8001-420E-8F37-076B46C52D79}.Release|Any CPU.ActiveCfg = Release|Any CPU
		{8B76A0FC-8001-420E-8F37-076B46C52D79}.Release|Any CPU.Build.0 = Release|Any CPU
		{D096AE51-F461-4E15-992E-05C71B6DF42F}.Debug|Any CPU.ActiveCfg = Debug|Any CPU
		{D096AE51-F461-4E15-992E-05C71B6DF42F}.Debug|Any CPU.Build.0 = Debug|Any CPU
		{D096AE51-F461-4E15-992E-05C71B6DF42F}.Release|Any CPU.ActiveCfg = Release|Any CPU
		{D096AE51-F461-4E15-992E-05C71B6DF42F}.Release|Any CPU.Build.0 = Release|Any CPU
		{B6A4CDBD-2468-4743-971B-1952630C2C4B}.Debug|Any CPU.ActiveCfg = Debug|Any CPU
		{B6A4CDBD-2468-4743-971B-1952630C2C4B}.Debug|Any CPU.Build.0 = Debug|Any CPU
		{B6A4CDBD-2468-4743-971B-1952630C2C4B}.Release|Any CPU.ActiveCfg = Release|Any CPU
		{B6A4CDBD-2468-4743-971B-1952630C2C4B}.Release|Any CPU.Build.0 = Release|Any CPU
		{F5817685-4833-4CF2-8579-AA4B03428D28}.Debug|Any CPU.ActiveCfg = Debug|Any CPU
		{F5817685-4833-4CF2-8579-AA4B03428D28}.Debug|Any CPU.Build.0 = Debug|Any CPU
		{F5817685-4833-4CF2-8579-AA4B03428D28}.Release|Any CPU.ActiveCfg = Release|Any CPU
		{F5817685-4833-4CF2-8579-AA4B03428D28}.Release|Any CPU.Build.0 = Release|Any CPU
	EndGlobalSection
	GlobalSection(SolutionProperties) = preSolution
		HideSolutionNode = FALSE
	EndGlobalSection
	GlobalSection(ExtensibilityGlobals) = postSolution
		SolutionGuid = {1A317E1D-DAE3-445F-828E-F1C0BEF75D00}
	EndGlobalSection
EndGlobal
